
Microsoft Visual Studio Solution File, Format Version 12.00
# Visual Studio Version 17
VisualStudioVersion = 17.0.31903.59
MinimumVisualStudioVersion = 10.0.40219.1
Project("{2150E333-8FDC-42A3-9474-1A3956D46DE8}") = "Domain", "Domain", "{996CEBED-A05B-5D42-3FF0-982E087A2599}"
EndProject
Project("{2150E333-8FDC-42A3-9474-1A3956D46DE8}") = "Contracts", "Contracts", "{A73F2606-6D4C-3EEE-1759-0E59DCFEF523}"
EndProject
Project("{FAE04EC0-301F-11D3-BF4B-00C04F79EFBC}") = "Eventide.UserService.Contracts", "Contracts\Eventide.UserService.Contracts.csproj", "{7D442AEE-CEEB-4E4E-97F1-E69259D68A9A}"
EndProject
Project("{FAE04EC0-301F-11D3-BF4B-00C04F79EFBC}") = "DomainApp", "DomainApp\DomainApp.csproj", "{D319F8C8-5263-4A04-BA23-2DCD06E9A081}"
EndProject
Project("{FAE04EC0-301F-11D3-BF4B-00C04F79EFBC}") = "UserService.Domain", "UserService.Domain\UserService.Domain.csproj", "{7A8DFAF4-898C-4A10-BFBD-D02CAD270CE6}"
EndProject
Project("{FAE04EC0-301F-11D3-BF4B-00C04F79EFBC}") = "UserService.ValueObjects", "UserService.ValueObjects\UserService.ValueObjects.csproj", "{DDB88032-4DE8-478C-B7C9-C6E1A0A1859C}"
EndProject
Project("{FAE04EC0-301F-11D3-BF4B-00C04F79EFBC}") = "UserService.Domain.Repositories.Abstractions", "UserService.Domain.Repositories.Abstractions\UserService.Domain.Repositories.Abstractions.csproj", "{2AD3262F-2E4C-44C6-84D9-9F7D5A99661D}"
EndProject
Global
	GlobalSection(SolutionConfigurationPlatforms) = preSolution
		Debug|Any CPU = Debug|Any CPU
		Debug|x64 = Debug|x64
		Debug|x86 = Debug|x86
		Release|Any CPU = Release|Any CPU
		Release|x64 = Release|x64
		Release|x86 = Release|x86
	EndGlobalSection
	GlobalSection(ProjectConfigurationPlatforms) = postSolution
		{7D442AEE-CEEB-4E4E-97F1-E69259D68A9A}.Debug|Any CPU.ActiveCfg = Debug|Any CPU
		{7D442AEE-CEEB-4E4E-97F1-E69259D68A9A}.Debug|Any CPU.Build.0 = Debug|Any CPU
		{7D442AEE-CEEB-4E4E-97F1-E69259D68A9A}.Debug|x64.ActiveCfg = Debug|Any CPU
		{7D442AEE-CEEB-4E4E-97F1-E69259D68A9A}.Debug|x64.Build.0 = Debug|Any CPU
		{7D442AEE-CEEB-4E4E-97F1-E69259D68A9A}.Debug|x86.ActiveCfg = Debug|Any CPU
		{7D442AEE-CEEB-4E4E-97F1-E69259D68A9A}.Debug|x86.Build.0 = Debug|Any CPU
		{7D442AEE-CEEB-4E4E-97F1-E69259D68A9A}.Release|Any CPU.ActiveCfg = Release|Any CPU
		{7D442AEE-CEEB-4E4E-97F1-E69259D68A9A}.Release|Any CPU.Build.0 = Release|Any CPU
		{7D442AEE-CEEB-4E4E-97F1-E69259D68A9A}.Release|x64.ActiveCfg = Release|Any CPU
		{7D442AEE-CEEB-4E4E-97F1-E69259D68A9A}.Release|x64.Build.0 = Release|Any CPU
		{7D442AEE-CEEB-4E4E-97F1-E69259D68A9A}.Release|x86.ActiveCfg = Release|Any CPU
		{7D442AEE-CEEB-4E4E-97F1-E69259D68A9A}.Release|x86.Build.0 = Release|Any CPU
		{D319F8C8-5263-4A04-BA23-2DCD06E9A081}.Debug|Any CPU.ActiveCfg = Debug|Any CPU
		{D319F8C8-5263-4A04-BA23-2DCD06E9A081}.Debug|Any CPU.Build.0 = Debug|Any CPU
		{D319F8C8-5263-4A04-BA23-2DCD06E9A081}.Debug|x64.ActiveCfg = Debug|Any CPU
		{D319F8C8-5263-4A04-BA23-2DCD06E9A081}.Debug|x64.Build.0 = Debug|Any CPU
		{D319F8C8-5263-4A04-BA23-2DCD06E9A081}.Debug|x86.ActiveCfg = Debug|Any CPU
		{D319F8C8-5263-4A04-BA23-2DCD06E9A081}.Debug|x86.Build.0 = Debug|Any CPU
		{D319F8C8-5263-4A04-BA23-2DCD06E9A081}.Release|Any CPU.ActiveCfg = Release|Any CPU
		{D319F8C8-5263-4A04-BA23-2DCD06E9A081}.Release|Any CPU.Build.0 = Release|Any CPU
		{D319F8C8-5263-4A04-BA23-2DCD06E9A081}.Release|x64.ActiveCfg = Release|Any CPU
		{D319F8C8-5263-4A04-BA23-2DCD06E9A081}.Release|x64.Build.0 = Release|Any CPU
		{D319F8C8-5263-4A04-BA23-2DCD06E9A081}.Release|x86.ActiveCfg = Release|Any CPU
		{D319F8C8-5263-4A04-BA23-2DCD06E9A081}.Release|x86.Build.0 = Release|Any CPU
		{7A8DFAF4-898C-4A10-BFBD-D02CAD270CE6}.Debug|Any CPU.ActiveCfg = Debug|Any CPU
		{7A8DFAF4-898C-4A10-BFBD-D02CAD270CE6}.Debug|Any CPU.Build.0 = Debug|Any CPU
		{7A8DFAF4-898C-4A10-BFBD-D02CAD270CE6}.Debug|x64.ActiveCfg = Debug|Any CPU
		{7A8DFAF4-898C-4A10-BFBD-D02CAD270CE6}.Debug|x64.Build.0 = Debug|Any CPU
		{7A8DFAF4-898C-4A10-BFBD-D02CAD270CE6}.Debug|x86.ActiveCfg = Debug|Any CPU
		{7A8DFAF4-898C-4A10-BFBD-D02CAD270CE6}.Debug|x86.Build.0 = Debug|Any CPU
		{7A8DFAF4-898C-4A10-BFBD-D02CAD270CE6}.Release|Any CPU.ActiveCfg = Release|Any CPU
		{7A8DFAF4-898C-4A10-BFBD-D02CAD270CE6}.Release|Any CPU.Build.0 = Release|Any CPU
		{7A8DFAF4-898C-4A10-BFBD-D02CAD270CE6}.Release|x64.ActiveCfg = Release|Any CPU
		{7A8DFAF4-898C-4A10-BFBD-D02CAD270CE6}.Release|x64.Build.0 = Release|Any CPU
		{7A8DFAF4-898C-4A10-BFBD-D02CAD270CE6}.Release|x86.ActiveCfg = Release|Any CPU
		{7A8DFAF4-898C-4A10-BFBD-D02CAD270CE6}.Release|x86.Build.0 = Release|Any CPU
		{DDB88032-4DE8-478C-B7C9-C6E1A0A1859C}.Debug|Any CPU.ActiveCfg = Debug|Any CPU
		{DDB88032-4DE8-478C-B7C9-C6E1A0A1859C}.Debug|Any CPU.Build.0 = Debug|Any CPU
		{DDB88032-4DE8-478C-B7C9-C6E1A0A1859C}.Debug|x64.ActiveCfg = Debug|Any CPU
		{DDB88032-4DE8-478C-B7C9-C6E1A0A1859C}.Debug|x64.Build.0 = Debug|Any CPU
		{DDB88032-4DE8-478C-B7C9-C6E1A0A1859C}.Debug|x86.ActiveCfg = Debug|Any CPU
		{DDB88032-4DE8-478C-B7C9-C6E1A0A1859C}.Debug|x86.Build.0 = Debug|Any CPU
		{DDB88032-4DE8-478C-B7C9-C6E1A0A1859C}.Release|Any CPU.ActiveCfg = Release|Any CPU
		{DDB88032-4DE8-478C-B7C9-C6E1A0A1859C}.Release|Any CPU.Build.0 = Release|Any CPU
		{DDB88032-4DE8-478C-B7C9-C6E1A0A1859C}.Release|x64.ActiveCfg = Release|Any CPU
		{DDB88032-4DE8-478C-B7C9-C6E1A0A1859C}.Release|x64.Build.0 = Release|Any CPU
		{DDB88032-4DE8-478C-B7C9-C6E1A0A1859C}.Release|x86.ActiveCfg = Release|Any CPU
		{DDB88032-4DE8-478C-B7C9-C6E1A0A1859C}.Release|x86.Build.0 = Release|Any CPU
		{2AD3262F-2E4C-44C6-84D9-9F7D5A99661D}.Debug|Any CPU.ActiveCfg = Debug|Any CPU
		{2AD3262F-2E4C-44C6-84D9-9F7D5A99661D}.Debug|Any CPU.Build.0 = Debug|Any CPU
		{2AD3262F-2E4C-44C6-84D9-9F7D5A99661D}.Debug|x64.ActiveCfg = Debug|Any CPU
		{2AD3262F-2E4C-44C6-84D9-9F7D5A99661D}.Debug|x64.Build.0 = Debug|Any CPU
		{2AD3262F-2E4C-44C6-84D9-9F7D5A99661D}.Debug|x86.ActiveCfg = Debug|Any CPU
		{2AD3262F-2E4C-44C6-84D9-9F7D5A99661D}.Debug|x86.Build.0 = Debug|Any CPU
		{2AD3262F-2E4C-44C6-84D9-9F7D5A99661D}.Release|Any CPU.ActiveCfg = Release|Any CPU
		{2AD3262F-2E4C-44C6-84D9-9F7D5A99661D}.Release|Any CPU.Build.0 = Release|Any CPU
		{2AD3262F-2E4C-44C6-84D9-9F7D5A99661D}.Release|x64.ActiveCfg = Release|Any CPU
		{2AD3262F-2E4C-44C6-84D9-9F7D5A99661D}.Release|x64.Build.0 = Release|Any CPU
		{2AD3262F-2E4C-44C6-84D9-9F7D5A99661D}.Release|x86.ActiveCfg = Release|Any CPU
		{2AD3262F-2E4C-44C6-84D9-9F7D5A99661D}.Release|x86.Build.0 = Release|Any CPU
	EndGlobalSection
	GlobalSection(SolutionProperties) = preSolution
		HideSolutionNode = FALSE
	EndGlobalSection
	GlobalSection(NestedProjects) = preSolution
		{7D442AEE-CEEB-4E4E-97F1-E69259D68A9A} = {A73F2606-6D4C-3EEE-1759-0E59DCFEF523}
		{D319F8C8-5263-4A04-BA23-2DCD06E9A081} = {996CEBED-A05B-5D42-3FF0-982E087A2599}
		{7A8DFAF4-898C-4A10-BFBD-D02CAD270CE6} = {996CEBED-A05B-5D42-3FF0-982E087A2599}
		{DDB88032-4DE8-478C-B7C9-C6E1A0A1859C} = {996CEBED-A05B-5D42-3FF0-982E087A2599}
		{2AD3262F-2E4C-44C6-84D9-9F7D5A99661D} = {996CEBED-A05B-5D42-3FF0-982E087A2599}
	EndGlobalSection
	GlobalSection(ExtensibilityGlobals) = postSolution
		SolutionGuid = {CE2EB7A7-5FE6-4D9D-925D-13410A6BAE81}
	EndGlobalSection
EndGlobal
