
Microsoft Visual Studio Solution File, Format Version 12.00
# Visual Studio Version 17
VisualStudioVersion = 17.0.31903.59
MinimumVisualStudioVersion = 10.0.40219.1
Project("{2150E333-8FDC-42A3-9474-1A3956D46DE8}") = "Domain", "Domain", "{996CEBED-A05B-5D42-3FF0-982E087A2599}"
EndProject
Project("{2150E333-8FDC-42A3-9474-1A3956D46DE8}") = "Contracts", "Contracts", "{A73F2606-6D4C-3EEE-1759-0E59DCFEF523}"
EndProject
Project("{FAE04EC0-301F-11D3-BF4B-00C04F79EFBC}") = "Eventide.UserService.Contracts", "Contracts\Eventide.UserService.Contracts.csproj", "{7D442AEE-CEEB-4E4E-97F1-E69259D68A9A}"
EndProject
Project("{FAE04EC0-301F-11D3-BF4B-00C04F79EFBC}") = "DomainApp", "Domain\DomainApp\DomainApp.csproj", "{0EF0C0D9-4B94-01EB-4B96-AE9D640414FF}"
EndProject
Project("{FAE04EC0-301F-11D3-BF4B-00C04F79EFBC}") = "UserService.Domain", "Domain\UserService.Domain\UserService.Domain.csproj", "{BD837266-92DA-F0DD-1463-83F70A92B293}"
EndProject
Project("{FAE04EC0-301F-11D3-BF4B-00C04F79EFBC}") = "UserService.Domain.Repositories.Abstractions", "Domain\UserService.Domain.Repositories.Abstractions\UserService.Domain.Repositories.Abstractions.csproj", "{3E300E46-BC30-B153-4C17-E2F11351B3D8}"
EndProject
Project("{FAE04EC0-301F-11D3-BF4B-00C04F79EFBC}") = "UserService.ValueObjects", "Domain\UserService.ValueObjects\UserService.ValueObjects.csproj", "{B3FA4B6F-6C60-AEB7-33C1-FC6B980D9D54}"
EndProject
Global
	GlobalSection(SolutionConfigurationPlatforms) = preSolution
		Debug|Any CPU = Debug|Any CPU
		Debug|x64 = Debug|x64
		Debug|x86 = Debug|x86
		Release|Any CPU = Release|Any CPU
		Release|x64 = Release|x64
		Release|x86 = Release|x86
	EndGlobalSection
	GlobalSection(ProjectConfigurationPlatforms) = postSolution
		{7D442AEE-CEEB-4E4E-97F1-E69259D68A9A}.Debug|Any CPU.ActiveCfg = Debug|Any CPU
		{7D442AEE-CEEB-4E4E-97F1-E69259D68A9A}.Debug|Any CPU.Build.0 = Debug|Any CPU
		{7D442AEE-CEEB-4E4E-97F1-E69259D68A9A}.Debug|x64.ActiveCfg = Debug|Any CPU
		{7D442AEE-CEEB-4E4E-97F1-E69259D68A9A}.Debug|x64.Build.0 = Debug|Any CPU
		{7D442AEE-CEEB-4E4E-97F1-E69259D68A9A}.Debug|x86.ActiveCfg = Debug|Any CPU
		{7D442AEE-CEEB-4E4E-97F1-E69259D68A9A}.Debug|x86.Build.0 = Debug|Any CPU
		{7D442AEE-CEEB-4E4E-97F1-E69259D68A9A}.Release|Any CPU.ActiveCfg = Release|Any CPU
		{7D442AEE-CEEB-4E4E-97F1-E69259D68A9A}.Release|Any CPU.Build.0 = Release|Any CPU
		{7D442AEE-CEEB-4E4E-97F1-E69259D68A9A}.Release|x64.ActiveCfg = Release|Any CPU
		{7D442AEE-CEEB-4E4E-97F1-E69259D68A9A}.Release|x64.Build.0 = Release|Any CPU
		{7D442AEE-CEEB-4E4E-97F1-E69259D68A9A}.Release|x86.ActiveCfg = Release|Any CPU
		{7D442AEE-CEEB-4E4E-97F1-E69259D68A9A}.Release|x86.Build.0 = Release|Any CPU
		{0EF0C0D9-4B94-01EB-4B96-AE9D640414FF}.Debug|Any CPU.ActiveCfg = Debug|Any CPU
		{0EF0C0D9-4B94-01EB-4B96-AE9D640414FF}.Debug|Any CPU.Build.0 = Debug|Any CPU
		{0EF0C0D9-4B94-01EB-4B96-AE9D640414FF}.Debug|x64.ActiveCfg = Debug|Any CPU
		{0EF0C0D9-4B94-01EB-4B96-AE9D640414FF}.Debug|x64.Build.0 = Debug|Any CPU
		{0EF0C0D9-4B94-01EB-4B96-AE9D640414FF}.Debug|x86.ActiveCfg = Debug|Any CPU
		{0EF0C0D9-4B94-01EB-4B96-AE9D640414FF}.Debug|x86.Build.0 = Debug|Any CPU
		{0EF0C0D9-4B94-01EB-4B96-AE9D640414FF}.Release|Any CPU.ActiveCfg = Release|Any CPU
		{0EF0C0D9-4B94-01EB-4B96-AE9D640414FF}.Release|Any CPU.Build.0 = Release|Any CPU
		{0EF0C0D9-4B94-01EB-4B96-AE9D640414FF}.Release|x64.ActiveCfg = Release|Any CPU
		{0EF0C0D9-4B94-01EB-4B96-AE9D640414FF}.Release|x64.Build.0 = Release|Any CPU
		{0EF0C0D9-4B94-01EB-4B96-AE9D640414FF}.Release|x86.ActiveCfg = Release|Any CPU
		{0EF0C0D9-4B94-01EB-4B96-AE9D640414FF}.Release|x86.Build.0 = Release|Any CPU
		{BD837266-92DA-F0DD-1463-83F70A92B293}.Debug|Any CPU.ActiveCfg = Debug|Any CPU
		{BD837266-92DA-F0DD-1463-83F70A92B293}.Debug|Any CPU.Build.0 = Debug|Any CPU
		{BD837266-92DA-F0DD-1463-83F70A92B293}.Debug|x64.ActiveCfg = Debug|Any CPU
		{BD837266-92DA-F0DD-1463-83F70A92B293}.Debug|x64.Build.0 = Debug|Any CPU
		{BD837266-92DA-F0DD-1463-83F70A92B293}.Debug|x86.ActiveCfg = Debug|Any CPU
		{BD837266-92DA-F0DD-1463-83F70A92B293}.Debug|x86.Build.0 = Debug|Any CPU
		{BD837266-92DA-F0DD-1463-83F70A92B293}.Release|Any CPU.ActiveCfg = Release|Any CPU
		{BD837266-92DA-F0DD-1463-83F70A92B293}.Release|Any CPU.Build.0 = Release|Any CPU
		{BD837266-92DA-F0DD-1463-83F70A92B293}.Release|x64.ActiveCfg = Release|Any CPU
		{BD837266-92DA-F0DD-1463-83F70A92B293}.Release|x64.Build.0 = Release|Any CPU
		{BD837266-92DA-F0DD-1463-83F70A92B293}.Release|x86.ActiveCfg = Release|Any CPU
		{BD837266-92DA-F0DD-1463-83F70A92B293}.Release|x86.Build.0 = Release|Any CPU
		{3E300E46-BC30-B153-4C17-E2F11351B3D8}.Debug|Any CPU.ActiveCfg = Debug|Any CPU
		{3E300E46-BC30-B153-4C17-E2F11351B3D8}.Debug|Any CPU.Build.0 = Debug|Any CPU
		{3E300E46-BC30-B153-4C17-E2F11351B3D8}.Debug|x64.ActiveCfg = Debug|Any CPU
		{3E300E46-BC30-B153-4C17-E2F11351B3D8}.Debug|x64.Build.0 = Debug|Any CPU
		{3E300E46-BC30-B153-4C17-E2F11351B3D8}.Debug|x86.ActiveCfg = Debug|Any CPU
		{3E300E46-BC30-B153-4C17-E2F11351B3D8}.Debug|x86.Build.0 = Debug|Any CPU
		{3E300E46-BC30-B153-4C17-E2F11351B3D8}.Release|Any CPU.ActiveCfg = Release|Any CPU
		{3E300E46-BC30-B153-4C17-E2F11351B3D8}.Release|Any CPU.Build.0 = Release|Any CPU
		{3E300E46-BC30-B153-4C17-E2F11351B3D8}.Release|x64.ActiveCfg = Release|Any CPU
		{3E300E46-BC30-B153-4C17-E2F11351B3D8}.Release|x64.Build.0 = Release|Any CPU
		{3E300E46-BC30-B153-4C17-E2F11351B3D8}.Release|x86.ActiveCfg = Release|Any CPU
		{3E300E46-BC30-B153-4C17-E2F11351B3D8}.Release|x86.Build.0 = Release|Any CPU
		{B3FA4B6F-6C60-AEB7-33C1-FC6B980D9D54}.Debug|Any CPU.ActiveCfg = Debug|Any CPU
		{B3FA4B6F-6C60-AEB7-33C1-FC6B980D9D54}.Debug|Any CPU.Build.0 = Debug|Any CPU
		{B3FA4B6F-6C60-AEB7-33C1-FC6B980D9D54}.Debug|x64.ActiveCfg = Debug|Any CPU
		{B3FA4B6F-6C60-AEB7-33C1-FC6B980D9D54}.Debug|x64.Build.0 = Debug|Any CPU
		{B3FA4B6F-6C60-AEB7-33C1-FC6B980D9D54}.Debug|x86.ActiveCfg = Debug|Any CPU
		{B3FA4B6F-6C60-AEB7-33C1-FC6B980D9D54}.Debug|x86.Build.0 = Debug|Any CPU
		{B3FA4B6F-6C60-AEB7-33C1-FC6B980D9D54}.Release|Any CPU.ActiveCfg = Release|Any CPU
		{B3FA4B6F-6C60-AEB7-33C1-FC6B980D9D54}.Release|Any CPU.Build.0 = Release|Any CPU
		{B3FA4B6F-6C60-AEB7-33C1-FC6B980D9D54}.Release|x64.ActiveCfg = Release|Any CPU
		{B3FA4B6F-6C60-AEB7-33C1-FC6B980D9D54}.Release|x64.Build.0 = Release|Any CPU
		{B3FA4B6F-6C60-AEB7-33C1-FC6B980D9D54}.Release|x86.ActiveCfg = Release|Any CPU
		{B3FA4B6F-6C60-AEB7-33C1-FC6B980D9D54}.Release|x86.Build.0 = Release|Any CPU
	EndGlobalSection
	GlobalSection(SolutionProperties) = preSolution
		HideSolutionNode = FALSE
	EndGlobalSection
	GlobalSection(NestedProjects) = preSolution
		{7D442AEE-CEEB-4E4E-97F1-E69259D68A9A} = {A73F2606-6D4C-3EEE-1759-0E59DCFEF523}
		{0EF0C0D9-4B94-01EB-4B96-AE9D640414FF} = {996CEBED-A05B-5D42-3FF0-982E087A2599}
		{BD837266-92DA-F0DD-1463-83F70A92B293} = {996CEBED-A05B-5D42-3FF0-982E087A2599}
		{3E300E46-BC30-B153-4C17-E2F11351B3D8} = {996CEBED-A05B-5D42-3FF0-982E087A2599}
		{B3FA4B6F-6C60-AEB7-33C1-FC6B980D9D54} = {996CEBED-A05B-5D42-3FF0-982E087A2599}
	EndGlobalSection
	GlobalSection(ExtensibilityGlobals) = postSolution
		SolutionGuid = {CE2EB7A7-5FE6-4D9D-925D-13410A6BAE81}
	EndGlobalSection
EndGlobal
